# This file is automatically @generated by Wally.
# It is not intended for manual editing.
registry = "test"

[[package]]
name = "arxkdev/beziertween"
version = "0.0.3"
dependencies = [["Trove", "sleitnick/trove@1.8.0"]]

[[package]]
name = "arxkdev/spring"
version = "0.0.3"
dependencies = []

[[package]]
name = "aspecky/topbarplus"
version = "2.9.3"
dependencies = []

[[package]]
name = "elttob/fusion"
version = "0.2.0"
dependencies = []

[[package]]
name = "encrxyptedethan/camerashaker"
version = "1.0.0"
dependencies = []

[[package]]
name = "evaera/cmdr"
version = "1.12.0"
dependencies = []

[[package]]
name = "evaera/promise"
version = "4.0.0"
dependencies = []

[[package]]
name = "kyle-tran/run-or-get-shot"
version = "0.1.0"
dependencies = [["BezierTween", "arxkdev/beziertween@0.0.3"], ["CameraShaker", "encrxyptedethan/camerashaker@1.0.0"], ["Cmdr", "evaera/cmdr@1.12.0"], ["Fusion", "elttob/fusion@0.2.0"], ["Lapis", "nezuo/lapis@0.3.4"], ["Loader", "sleitnick/loader@2.0.0"], ["Promise", "lukadev-0/typed-promise@4.0.2"], ["RblxUtils", "raphtalia/rbxutils@1.0.0"], ["Red", "red-blox/red@2.3.2"], ["Reflex", "littensy/reflex@4.3.1"], ["Signal", "sleitnick/signal@2.0.3"], ["Spring", "arxkdev/spring@0.0.3"], ["TopbarPlus", "aspecky/topbarplus@2.9.3"], ["Trove", "sleitnick/trove@1.8.0"], ["t", "osyrisrblx/t@3.1.1"]]

[[package]]
name = "littensy/reflex"
version = "4.3.1"
dependencies = [["Promise", "evaera/promise@4.0.0"]]

[[package]]
name = "lukadev-0/typed-promise"
version = "4.0.2"
dependencies = [["Promise", "evaera/promise@4.0.0"]]

[[package]]
name = "nezuo/lapis"
version = "0.3.4"
dependencies = [["Promise", "evaera/promise@4.0.0"]]

[[package]]
name = "osyrisrblx/t"
version = "3.1.1"
dependencies = []

[[package]]
name = "raphtalia/rbxutils"
version = "1.0.0"
dependencies = []

[[package]]
name = "red-blox/future"
version = "1.0.1"
dependencies = [["Spawn", "red-blox/spawn@1.1.0"]]

[[package]]
name = "red-blox/guard"
version = "1.0.1"
dependencies = []

[[package]]
name = "red-blox/red"
version = "2.3.2"
dependencies = [["Future", "red-blox/future@1.0.1"], ["Guard", "red-blox/guard@1.0.1"], ["Signal", "red-blox/signal@2.0.2"], ["Spawn", "red-blox/spawn@1.1.0"]]

[[package]]
name = "red-blox/signal"
version = "2.0.2"
dependencies = [["Spawn", "red-blox/spawn@1.1.0"]]

[[package]]
name = "red-blox/spawn"
version = "1.1.0"
dependencies = []

[[package]]
name = "sleitnick/loader"
version = "2.0.0"
dependencies = []

[[package]]
name = "sleitnick/signal"
version = "2.0.3"
dependencies = []

[[package]]
name = "sleitnick/trove"
version = "1.8.0"
dependencies = []
